
Microsoft Visual Studio Solution File, Format Version 12.00
# Visual Studio Version 17
VisualStudioVersion = 17.10.35201.131
MinimumVisualStudioVersion = 10.0.40219.1
Project("{FAE04EC0-301F-11D3-BF4B-00C04F79EFBC}") = "Company.PL", "Company.PL\Company.PL.csproj", "{0522F2AF-AA66-415B-8051-C9FCDFEDBF83}"
EndProject
Project("{FAE04EC0-301F-11D3-BF4B-00C04F79EFBC}") = "Company.DAL", "Company.DAL\Company.DAL.csproj", "{580227AD-70C6-430A-9118-9F85DBC4280B}"
EndProject
Project("{FAE04EC0-301F-11D3-BF4B-00C04F79EFBC}") = "Company.BLL", "Company.BLL\Company.BLL.csproj", "{AF0F42D5-38F5-4A56-803A-A2111CD3C64D}"
EndProject
Global
	GlobalSection(SolutionConfigurationPlatforms) = preSolution
		Debug|Any CPU = Debug|Any CPU
		Release|Any CPU = Release|Any CPU
	EndGlobalSection
	GlobalSection(ProjectConfigurationPlatforms) = postSolution
		{0522F2AF-AA66-415B-8051-C9FCDFEDBF83}.Debug|Any CPU.ActiveCfg = Debug|Any CPU
		{0522F2AF-AA66-415B-8051-C9FCDFEDBF83}.Debug|Any CPU.Build.0 = Debug|Any CPU
		{0522F2AF-AA66-415B-8051-C9FCDFEDBF83}.Release|Any CPU.ActiveCfg = Release|Any CPU
		{0522F2AF-AA66-415B-8051-C9FCDFEDBF83}.Release|Any CPU.Build.0 = Release|Any CPU
		{580227AD-70C6-430A-9118-9F85DBC4280B}.Debug|Any CPU.ActiveCfg = Debug|Any CPU
		{580227AD-70C6-430A-9118-9F85DBC4280B}.Debug|Any CPU.Build.0 = Debug|Any CPU
		{580227AD-70C6-430A-9118-9F85DBC4280B}.Release|Any CPU.ActiveCfg = Release|Any CPU
		{580227AD-70C6-430A-9118-9F85DBC4280B}.Release|Any CPU.Build.0 = Release|Any CPU
		{AF0F42D5-38F5-4A56-803A-A2111CD3C64D}.Debug|Any CPU.ActiveCfg = Debug|Any CPU
		{AF0F42D5-38F5-4A56-803A-A2111CD3C64D}.Debug|Any CPU.Build.0 = Debug|Any CPU
		{AF0F42D5-38F5-4A56-803A-A2111CD3C64D}.Release|Any CPU.ActiveCfg = Release|Any CPU
		{AF0F42D5-38F5-4A56-803A-A2111CD3C64D}.Release|Any CPU.Build.0 = Release|Any CPU
	EndGlobalSection
	GlobalSection(SolutionProperties) = preSolution
		HideSolutionNode = FALSE
	EndGlobalSection
	GlobalSection(ExtensibilityGlobals) = postSolution
		SolutionGuid = {0330212A-3153-4DAA-A681-206073BD1403}
	EndGlobalSection
EndGlobal
